
Microsoft Visual Studio Solution File, Format Version 12.00
# Visual Studio 15
VisualStudioVersion = 15.0.27130.2003
MinimumVisualStudioVersion = 10.0.40219.1
Project("{FAE04EC0-301F-11D3-BF4B-00C04F79EFBC}") = "1. Action Point", "1. Action Point\1. Action Point.csproj", "{FA46DEEA-0EF5-486C-8D4C-7802221E7756}"
EndProject
Project("{FAE04EC0-301F-11D3-BF4B-00C04F79EFBC}") = "2. Knights of Honor", "2. Knights of Honor\2. Knights of Honor.csproj", "{4A3F9C9F-B16A-4EA4-B8E8-72E6AE02D7DB}"
EndProject
Project("{FAE04EC0-301F-11D3-BF4B-00C04F79EFBC}") = "03. Custom Min Function", "03. Custom Min Function\03. Custom Min Function.csproj", "{DD0CDF09-FAF9-4D84-83CC-E83F610DA163}"
EndProject
Project("{FAE04EC0-301F-11D3-BF4B-00C04F79EFBC}") = "04. Find Evens or Odds", "04. Find Evens or Odds\04. Find Evens or Odds.csproj", "{9631AAD6-627D-4F30-B17A-CDE6016C4E2F}"
EndProject
Project("{FAE04EC0-301F-11D3-BF4B-00C04F79EFBC}") = "05. Applied Arithmetics", "05. Applied Arithmetics\05. Applied Arithmetics.csproj", "{075C1D2A-32AB-41E8-A592-1EEFF5A29363}"
EndProject
Project("{FAE04EC0-301F-11D3-BF4B-00C04F79EFBC}") = "06. Reverse And Exclude", "06. Reverse And Exclude\06. Reverse And Exclude.csproj", "{B604C74E-A22E-46FF-BD7A-08075B299C78}"
EndProject
Project("{FAE04EC0-301F-11D3-BF4B-00C04F79EFBC}") = "07. Predicate For Names", "07. Predicate For Names\07. Predicate For Names.csproj", "{1C052159-7D8C-47B8-8967-FC349CB5142E}"
EndProject
Project("{FAE04EC0-301F-11D3-BF4B-00C04F79EFBC}") = "tempLab", "tempLab\tempLab.csproj", "{712A68D9-36CD-469E-9AE4-C1527CB39366}"
EndProject
Project("{FAE04EC0-301F-11D3-BF4B-00C04F79EFBC}") = "08. Custom Comparator", "08. Custom Comparator\08. Custom Comparator.csproj", "{41DCFE2A-F62D-4ABC-AFE9-4511C2917312}"
EndProject
Project("{FAE04EC0-301F-11D3-BF4B-00C04F79EFBC}") = "09. List Of Predicates", "09. List Of Predicates\09. List Of Predicates.csproj", "{C67D0F60-DB2D-400D-ABD4-645C29CFC72C}"
EndProject
Project("{FAE04EC0-301F-11D3-BF4B-00C04F79EFBC}") = "10. Predicate Party!", "10. Predicate Party!\10. Predicate Party!.csproj", "{6BCBEB03-82A7-43E8-A016-122E288BF869}"
EndProject
Global
	GlobalSection(SolutionConfigurationPlatforms) = preSolution
		Debug|Any CPU = Debug|Any CPU
		Release|Any CPU = Release|Any CPU
	EndGlobalSection
	GlobalSection(ProjectConfigurationPlatforms) = postSolution
		{FA46DEEA-0EF5-486C-8D4C-7802221E7756}.Debug|Any CPU.ActiveCfg = Debug|Any CPU
		{FA46DEEA-0EF5-486C-8D4C-7802221E7756}.Debug|Any CPU.Build.0 = Debug|Any CPU
		{FA46DEEA-0EF5-486C-8D4C-7802221E7756}.Release|Any CPU.ActiveCfg = Release|Any CPU
		{FA46DEEA-0EF5-486C-8D4C-7802221E7756}.Release|Any CPU.Build.0 = Release|Any CPU
		{4A3F9C9F-B16A-4EA4-B8E8-72E6AE02D7DB}.Debug|Any CPU.ActiveCfg = Debug|Any CPU
		{4A3F9C9F-B16A-4EA4-B8E8-72E6AE02D7DB}.Debug|Any CPU.Build.0 = Debug|Any CPU
		{4A3F9C9F-B16A-4EA4-B8E8-72E6AE02D7DB}.Release|Any CPU.ActiveCfg = Release|Any CPU
		{4A3F9C9F-B16A-4EA4-B8E8-72E6AE02D7DB}.Release|Any CPU.Build.0 = Release|Any CPU
		{DD0CDF09-FAF9-4D84-83CC-E83F610DA163}.Debug|Any CPU.ActiveCfg = Debug|Any CPU
		{DD0CDF09-FAF9-4D84-83CC-E83F610DA163}.Debug|Any CPU.Build.0 = Debug|Any CPU
		{DD0CDF09-FAF9-4D84-83CC-E83F610DA163}.Release|Any CPU.ActiveCfg = Release|Any CPU
		{DD0CDF09-FAF9-4D84-83CC-E83F610DA163}.Release|Any CPU.Build.0 = Release|Any CPU
		{9631AAD6-627D-4F30-B17A-CDE6016C4E2F}.Debug|Any CPU.ActiveCfg = Debug|Any CPU
		{9631AAD6-627D-4F30-B17A-CDE6016C4E2F}.Debug|Any CPU.Build.0 = Debug|Any CPU
		{9631AAD6-627D-4F30-B17A-CDE6016C4E2F}.Release|Any CPU.ActiveCfg = Release|Any CPU
		{9631AAD6-627D-4F30-B17A-CDE6016C4E2F}.Release|Any CPU.Build.0 = Release|Any CPU
		{075C1D2A-32AB-41E8-A592-1EEFF5A29363}.Debug|Any CPU.ActiveCfg = Debug|Any CPU
		{075C1D2A-32AB-41E8-A592-1EEFF5A29363}.Debug|Any CPU.Build.0 = Debug|Any CPU
		{075C1D2A-32AB-41E8-A592-1EEFF5A29363}.Release|Any CPU.ActiveCfg = Release|Any CPU
		{075C1D2A-32AB-41E8-A592-1EEFF5A29363}.Release|Any CPU.Build.0 = Release|Any CPU
		{B604C74E-A22E-46FF-BD7A-08075B299C78}.Debug|Any CPU.ActiveCfg = Debug|Any CPU
		{B604C74E-A22E-46FF-BD7A-08075B299C78}.Debug|Any CPU.Build.0 = Debug|Any CPU
		{B604C74E-A22E-46FF-BD7A-08075B299C78}.Release|Any CPU.ActiveCfg = Release|Any CPU
		{B604C74E-A22E-46FF-BD7A-08075B299C78}.Release|Any CPU.Build.0 = Release|Any CPU
		{1C052159-7D8C-47B8-8967-FC349CB5142E}.Debug|Any CPU.ActiveCfg = Debug|Any CPU
		{1C052159-7D8C-47B8-8967-FC349CB5142E}.Debug|Any CPU.Build.0 = Debug|Any CPU
		{1C052159-7D8C-47B8-8967-FC349CB5142E}.Release|Any CPU.ActiveCfg = Release|Any CPU
		{1C052159-7D8C-47B8-8967-FC349CB5142E}.Release|Any CPU.Build.0 = Release|Any CPU
		{712A68D9-36CD-469E-9AE4-C1527CB39366}.Debug|Any CPU.ActiveCfg = Debug|Any CPU
		{712A68D9-36CD-469E-9AE4-C1527CB39366}.Debug|Any CPU.Build.0 = Debug|Any CPU
		{712A68D9-36CD-469E-9AE4-C1527CB39366}.Release|Any CPU.ActiveCfg = Release|Any CPU
		{712A68D9-36CD-469E-9AE4-C1527CB39366}.Release|Any CPU.Build.0 = Release|Any CPU
		{41DCFE2A-F62D-4ABC-AFE9-4511C2917312}.Debug|Any CPU.ActiveCfg = Debug|Any CPU
		{41DCFE2A-F62D-4ABC-AFE9-4511C2917312}.Debug|Any CPU.Build.0 = Debug|Any CPU
		{41DCFE2A-F62D-4ABC-AFE9-4511C2917312}.Release|Any CPU.ActiveCfg = Release|Any CPU
		{41DCFE2A-F62D-4ABC-AFE9-4511C2917312}.Release|Any CPU.Build.0 = Release|Any CPU
		{C67D0F60-DB2D-400D-ABD4-645C29CFC72C}.Debug|Any CPU.ActiveCfg = Debug|Any CPU
		{C67D0F60-DB2D-400D-ABD4-645C29CFC72C}.Debug|Any CPU.Build.0 = Debug|Any CPU
		{C67D0F60-DB2D-400D-ABD4-645C29CFC72C}.Release|Any CPU.ActiveCfg = Release|Any CPU
		{C67D0F60-DB2D-400D-ABD4-645C29CFC72C}.Release|Any CPU.Build.0 = Release|Any CPU
		{6BCBEB03-82A7-43E8-A016-122E288BF869}.Debug|Any CPU.ActiveCfg = Debug|Any CPU
		{6BCBEB03-82A7-43E8-A016-122E288BF869}.Debug|Any CPU.Build.0 = Debug|Any CPU
		{6BCBEB03-82A7-43E8-A016-122E288BF869}.Release|Any CPU.ActiveCfg = Release|Any CPU
		{6BCBEB03-82A7-43E8-A016-122E288BF869}.Release|Any CPU.Build.0 = Release|Any CPU
	EndGlobalSection
	GlobalSection(SolutionProperties) = preSolution
		HideSolutionNode = FALSE
	EndGlobalSection
	GlobalSection(ExtensibilityGlobals) = postSolution
		SolutionGuid = {837522B3-9895-476E-BB71-3DCFC4D5F2E2}
	EndGlobalSection
EndGlobal
